Microsoft Visual Studio Solution File, Format Version 12.00
# Visual Studio Version 17
VisualStudioVersion = 17.13.35931.197
MinimumVisualStudioVersion = 10.0.40219.1
Project("{FAE04EC0-301F-11D3-BF4B-00C04F79EFBC}") = "BicycleRentalApi", "BicycleRentalApi\BicycleRentalApi.csproj", "{02B90E6E-F856-414B-AB59-368348889FDB}"
EndProject
Project("{FAE04EC0-301F-11D3-BF4B-00C04F79EFBC}") = "Domain", "Domain\Domain.csproj", "{C05260B5-20CC-4955-BF35-B1159EAE31D5}"
EndProject
Project("{FAE04EC0-301F-11D3-BF4B-00C04F79EFBC}") = "Application", "Application\Application.csproj", "{5A8B7373-728F-4E52-AF7B-D00FF1F389BF}"
EndProject
Project("{FAE04EC0-301F-11D3-BF4B-00C04F79EFBC}") = "Infrastructure", "Infrastructure\Infrastructure.csproj", "{EBB46E93-DD51-427F-8996-825009379292}"
EndProject
Global
	GlobalSection(SolutionConfigurationPlatforms) = preSolution
		Debug|Any CPU = Debug|Any CPU
		Release|Any CPU = Release|Any CPU
	EndGlobalSection
	GlobalSection(ProjectConfigurationPlatforms) = postSolution
		{02B90E6E-F856-414B-AB59-368348889FDB}.Debug|Any CPU.ActiveCfg = Debug|Any CPU
		{02B90E6E-F856-414B-AB59-368348889FDB}.Debug|Any CPU.Build.0 = Debug|Any CPU
		{02B90E6E-F856-414B-AB59-368348889FDB}.Release|Any CPU.ActiveCfg = Release|Any CPU
		{02B90E6E-F856-414B-AB59-368348889FDB}.Release|Any CPU.Build.0 = Release|Any CPU
		{C05260B5-20CC-4955-BF35-B1159EAE31D5}.Debug|Any CPU.ActiveCfg = Debug|Any CPU
		{C05260B5-20CC-4955-BF35-B1159EAE31D5}.Debug|Any CPU.Build.0 = Debug|Any CPU
		{C05260B5-20CC-4955-BF35-B1159EAE31D5}.Release|Any CPU.ActiveCfg = Release|Any CPU
		{C05260B5-20CC-4955-BF35-B1159EAE31D5}.Release|Any CPU.Build.0 = Release|Any CPU
		{5A8B7373-728F-4E52-AF7B-D00FF1F389BF}.Debug|Any CPU.ActiveCfg = Debug|Any CPU
		{5A8B7373-728F-4E52-AF7B-D00FF1F389BF}.Debug|Any CPU.Build.0 = Debug|Any CPU
		{5A8B7373-728F-4E52-AF7B-D00FF1F389BF}.Release|Any CPU.ActiveCfg = Release|Any CPU
		{5A8B7373-728F-4E52-AF7B-D00FF1F389BF}.Release|Any CPU.Build.0 = Release|Any CPU
		{EBB46E93-DD51-427F-8996-825009379292}.Debug|Any CPU.ActiveCfg = Debug|Any CPU
		{EBB46E93-DD51-427F-8996-825009379292}.Debug|Any CPU.Build.0 = Debug|Any CPU
		{EBB46E93-DD51-427F-8996-825009379292}.Release|Any CPU.ActiveCfg = Release|Any CPU
		{EBB46E93-DD51-427F-8996-825009379292}.Release|Any CPU.Build.0 = Release|Any CPU
	EndGlobalSection
	GlobalSection(SolutionProperties) = preSolution
		HideSolutionNode = FALSE
	EndGlobalSection
	GlobalSection(ExtensibilityGlobals) = postSolution
		SolutionGuid = {E315F5DF-4A40-472C-AA19-CE4157AD4CA9}
	EndGlobalSection
EndGlobal
